
Microsoft Visual Studio Solution File, Format Version 12.00
# Visual Studio Version 17
VisualStudioVersion = 17.10.34928.147
MinimumVisualStudioVersion = 10.0.40219.1
Project("{FAE04EC0-301F-11D3-BF4B-00C04F79EFBC}") = "DUO-LDAP", "DUO-LDAP\DUO-LDAP.csproj", "{DF180A15-41FC-4C1F-9E70-960AD2B8F8D8}"
EndProject
Global
	GlobalSection(SolutionConfigurationPlatforms) = preSolution
		Debug|Any CPU = Debug|Any CPU
		Release|Any CPU = Release|Any CPU
	EndGlobalSection
	GlobalSection(ProjectConfigurationPlatforms) = postSolution
		{DF180A15-41FC-4C1F-9E70-960AD2B8F8D8}.Debug|Any CPU.ActiveCfg = Debug|Any CPU
		{DF180A15-41FC-4C1F-9E70-960AD2B8F8D8}.Debug|Any CPU.Build.0 = Debug|Any CPU
		{DF180A15-41FC-4C1F-9E70-960AD2B8F8D8}.Release|Any CPU.ActiveCfg = Release|Any CPU
		{DF180A15-41FC-4C1F-9E70-960AD2B8F8D8}.Release|Any CPU.Build.0 = Release|Any CPU
	EndGlobalSection
	GlobalSection(SolutionProperties) = preSolution
		HideSolutionNode = FALSE
	EndGlobalSection
	GlobalSection(ExtensibilityGlobals) = postSolution
		SolutionGuid = {A85058B6-74D4-4837-99FF-C909767EA653}
	EndGlobalSection
EndGlobal
